# The shared WebView is separately versioned from both neva-lsp and neva-view.
NEVA_VISUAL_EDITOR_REPOSITORY=nevalang/neva-tools
NEVA_VISUAL_EDITOR_VERSION=visual-editor/v0.1.1
NEVA_VISUAL_EDITOR_COMMIT=18397c9cec4d4ca3a7e9f9cf92f383a983c960c5
NEVA_VISUAL_EDITOR_ASSET=neva-visual-editor.tar.gz
NEVA_VISUAL_EDITOR_ASSET_SHA256=a6e5a79e265981b7a919698db19bc1670c5fc68e08fc768adab18a9384f8bd0d
