# The shared WebView is separately versioned from both neva-lsp and neva-view.
NEVA_VISUAL_EDITOR_REPOSITORY=nevalang/neva-tools
NEVA_VISUAL_EDITOR_VERSION=visual-editor/v0.1.0
NEVA_VISUAL_EDITOR_COMMIT=ad50073998708fa143fa85f9f410f450febe5a71
NEVA_VISUAL_EDITOR_ASSET=neva-visual-editor.tar.gz
NEVA_VISUAL_EDITOR_ASSET_SHA256=6fe11619b52284cbff51ca2399da6801eeb4d7f5ae7de38e36c5c2dd4d38cfa4
